
Microsoft Visual Studio Solution File, Format Version 12.00
# Visual Studio Version 17
VisualStudioVersion = 17.5.33414.496
MinimumVisualStudioVersion = 10.0.40219.1
Project("{FAE04EC0-301F-11D3-BF4B-00C04F79EFBC}") = "Final", "Final\Final.csproj", "{3864DCE9-C0BA-4BA4-A22A-871F3A1F2C94}"
EndProject
Global
	GlobalSection(SolutionConfigurationPlatforms) = preSolution
		Debug|Any CPU = Debug|Any CPU
		Release|Any CPU = Release|Any CPU
	EndGlobalSection
	GlobalSection(ProjectConfigurationPlatforms) = postSolution
		{3864DCE9-C0BA-4BA4-A22A-871F3A1F2C94}.Debug|Any CPU.ActiveCfg = Debug|Any CPU
		{3864DCE9-C0BA-4BA4-A22A-871F3A1F2C94}.Debug|Any CPU.Build.0 = Debug|Any CPU
		{3864DCE9-C0BA-4BA4-A22A-871F3A1F2C94}.Release|Any CPU.ActiveCfg = Release|Any CPU
		{3864DCE9-C0BA-4BA4-A22A-871F3A1F2C94}.Release|Any CPU.Build.0 = Release|Any CPU
	EndGlobalSection
	GlobalSection(SolutionProperties) = preSolution
		HideSolutionNode = FALSE
	EndGlobalSection
	GlobalSection(ExtensibilityGlobals) = postSolution
		SolutionGuid = {5251023A-65E4-4EAC-8813-FC675E3A4E63}
	EndGlobalSection
EndGlobal
